
Microsoft Visual Studio Solution File, Format Version 12.00
# Visual Studio 15
VisualStudioVersion = 15.0.26430.16
MinimumVisualStudioVersion = 10.0.40219.1
Project("{9A19103F-16F7-4668-BE54-9A1E7A4F7556}") = "DiceRoller", "DiceRoller\DiceRoller.csproj", "{41BE1904-DDB0-4A8D-B545-57D639DC53A6}"
EndProject
Project("{FAE04EC0-301F-11D3-BF4B-00C04F79EFBC}") = "DiceRoller.PCL", "DiceRoller.PCL\DiceRoller.PCL.csproj", "{131DB420-A398-41E9-84E5-4D81CA2C22B3}"
EndProject
Project("{FAE04EC0-301F-11D3-BF4B-00C04F79EFBC}") = "DiceRoller.Tests", "DiceRoller.Tests\DiceRoller.Tests.csproj", "{921A93F7-7207-4331-86D0-AE5F1B22E501}"
EndProject
Global
	GlobalSection(SolutionConfigurationPlatforms) = preSolution
		Debug|Any CPU = Debug|Any CPU
		Release|Any CPU = Release|Any CPU
	EndGlobalSection
	GlobalSection(ProjectConfigurationPlatforms) = postSolution
		{41BE1904-DDB0-4A8D-B545-57D639DC53A6}.Debug|Any CPU.ActiveCfg = Debug|Any CPU
		{41BE1904-DDB0-4A8D-B545-57D639DC53A6}.Debug|Any CPU.Build.0 = Debug|Any CPU
		{41BE1904-DDB0-4A8D-B545-57D639DC53A6}.Release|Any CPU.ActiveCfg = Release|Any CPU
		{41BE1904-DDB0-4A8D-B545-57D639DC53A6}.Release|Any CPU.Build.0 = Release|Any CPU
		{131DB420-A398-41E9-84E5-4D81CA2C22B3}.Debug|Any CPU.ActiveCfg = Debug|Any CPU
		{131DB420-A398-41E9-84E5-4D81CA2C22B3}.Debug|Any CPU.Build.0 = Debug|Any CPU
		{131DB420-A398-41E9-84E5-4D81CA2C22B3}.Release|Any CPU.ActiveCfg = Release|Any CPU
		{131DB420-A398-41E9-84E5-4D81CA2C22B3}.Release|Any CPU.Build.0 = Release|Any CPU
		{921A93F7-7207-4331-86D0-AE5F1B22E501}.Debug|Any CPU.ActiveCfg = Debug|Any CPU
		{921A93F7-7207-4331-86D0-AE5F1B22E501}.Debug|Any CPU.Build.0 = Debug|Any CPU
		{921A93F7-7207-4331-86D0-AE5F1B22E501}.Release|Any CPU.ActiveCfg = Release|Any CPU
		{921A93F7-7207-4331-86D0-AE5F1B22E501}.Release|Any CPU.Build.0 = Release|Any CPU
	EndGlobalSection
	GlobalSection(SolutionProperties) = preSolution
		HideSolutionNode = FALSE
	EndGlobalSection
EndGlobal
